
Microsoft Visual Studio Solution File, Format Version 12.00
# Visual Studio Version 17
VisualStudioVersion = 17.5.33516.290
MinimumVisualStudioVersion = 10.0.40219.1
Project("{2150E333-8FDC-42A3-9474-1A3956D46DE8}") = "20230515", "20230515", "{E6B8EAA7-A901-4EE8-BB31-722B959AD371}"
EndProject
Project("{9A19103F-16F7-4668-BE54-9A1E7A4F7556}") = "Beispiel.FirstWebsite", "Beispiel.FirstWebsite\Beispiel.FirstWebsite.csproj", "{EFBC66DA-DC70-45BE-9412-93E183E3DBDD}"
EndProject
Project("{9A19103F-16F7-4668-BE54-9A1E7A4F7556}") = "Beispiel.Party", "Beispiel.Party\Beispiel.Party.csproj", "{AD2406C9-798F-4DEA-B590-301B9BD13ADA}"
EndProject
Global
	GlobalSection(SolutionConfigurationPlatforms) = preSolution
		Debug|Any CPU = Debug|Any CPU
		Release|Any CPU = Release|Any CPU
	EndGlobalSection
	GlobalSection(ProjectConfigurationPlatforms) = postSolution
		{EFBC66DA-DC70-45BE-9412-93E183E3DBDD}.Debug|Any CPU.ActiveCfg = Debug|Any CPU
		{EFBC66DA-DC70-45BE-9412-93E183E3DBDD}.Debug|Any CPU.Build.0 = Debug|Any CPU
		{EFBC66DA-DC70-45BE-9412-93E183E3DBDD}.Release|Any CPU.ActiveCfg = Release|Any CPU
		{EFBC66DA-DC70-45BE-9412-93E183E3DBDD}.Release|Any CPU.Build.0 = Release|Any CPU
		{AD2406C9-798F-4DEA-B590-301B9BD13ADA}.Debug|Any CPU.ActiveCfg = Debug|Any CPU
		{AD2406C9-798F-4DEA-B590-301B9BD13ADA}.Debug|Any CPU.Build.0 = Debug|Any CPU
		{AD2406C9-798F-4DEA-B590-301B9BD13ADA}.Release|Any CPU.ActiveCfg = Release|Any CPU
		{AD2406C9-798F-4DEA-B590-301B9BD13ADA}.Release|Any CPU.Build.0 = Release|Any CPU
	EndGlobalSection
	GlobalSection(SolutionProperties) = preSolution
		HideSolutionNode = FALSE
	EndGlobalSection
	GlobalSection(NestedProjects) = preSolution
		{EFBC66DA-DC70-45BE-9412-93E183E3DBDD} = {E6B8EAA7-A901-4EE8-BB31-722B959AD371}
		{AD2406C9-798F-4DEA-B590-301B9BD13ADA} = {E6B8EAA7-A901-4EE8-BB31-722B959AD371}
	EndGlobalSection
	GlobalSection(ExtensibilityGlobals) = postSolution
		SolutionGuid = {9EC5BD3C-ADA1-490F-9603-E88B02D7E93D}
	EndGlobalSection
EndGlobal
